
Microsoft Visual Studio Solution File, Format Version 12.00
# Visual Studio Version 16
VisualStudioVersion = 16.0.31410.357
MinimumVisualStudioVersion = 10.0.40219.1
Project("{888888A0-9F3D-457C-B088-3A5042F75D52}") = "python3000", "python3000\python3000.pyproj", "{7F026251-09EE-4865-ACDE-9D25CD494F4E}"
EndProject
Global
	GlobalSection(SolutionConfigurationPlatforms) = preSolution
		Debug|Any CPU = Debug|Any CPU
		Release|Any CPU = Release|Any CPU
	EndGlobalSection
	GlobalSection(ProjectConfigurationPlatforms) = postSolution
		{7F026251-09EE-4865-ACDE-9D25CD494F4E}.Debug|Any CPU.ActiveCfg = Debug|Any CPU
		{7F026251-09EE-4865-ACDE-9D25CD494F4E}.Release|Any CPU.ActiveCfg = Release|Any CPU
	EndGlobalSection
	GlobalSection(SolutionProperties) = preSolution
		HideSolutionNode = FALSE
	EndGlobalSection
	GlobalSection(ExtensibilityGlobals) = postSolution
		SolutionGuid = {4116525E-B551-47B4-A87D-3421EB12E209}
	EndGlobalSection
EndGlobal
